// !$*UTF8*$!
{
	archiveVersion = 1;
	classes = {
	};
	objectVersion = 77;
	objects = {

/* Begin PBXBuildFile section */
		016887DD9741395B0A4ABCD8 /* BackendConfiguration.swift in Sources */ = {isa = PBXBuildFile; fileRef = DB069A06FE539CBE383C44CE /* BackendConfiguration.swift */; };
		04D5A8012599D1B6B468EBFC /* SelfTestRunner.swift in Sources */ = {isa = PBXBuildFile; fileRef = BDF03A696C418F6D71850967 /* SelfTestRunner.swift */; };
		0E6F8904BBEF2CE311F98C63 /* ContentView.swift in Sources */ = {isa = PBXBuildFile; fileRef = 1BD1DC81B2661CBAB57F3E18 /* ContentView.swift */; };
		0F71841BAF96C5BE2A8891D4 /* milo_black.png in Resources */ = {isa = PBXBuildFile; fileRef = CA564785E4966D506C8F91F6 /* milo_black.png */; };
		1028F7CD1BBF1294EB338B0D /* SettingsView.swift in Sources */ = {isa = PBXBuildFile; fileRef = C652DF2F309F4EE2503A4CFC /* SettingsView.swift */; };
		161393A8A53235438A19036D /* milo_color.png in Resources */ = {isa = PBXBuildFile; fileRef = 88FBA6F19CCF346C5830848A /* milo_color.png */; };
		196E4BAA9903EAC045EFBA9A /* StatsView.swift in Sources */ = {isa = PBXBuildFile; fileRef = 45137EDCC84489E603D13994 /* StatsView.swift */; };
		21D9F1037FF31EFA54634F8B /* MiloSparkle in Frameworks */ = {isa = PBXBuildFile; productRef = 1FEF798E35A3098C1AE2E3AC /* MiloSparkle */; };
		241789A73F7F7F44611E8DDA /* SharedUI.swift in Sources */ = {isa = PBXBuildFile; fileRef = AB694BF69591A47395FA88E1 /* SharedUI.swift */; };
		2689DC92401A8923C046197A /* MiloApp.swift in Sources */ = {isa = PBXBuildFile; fileRef = FA5A52A5354F42BFA597FB1A /* MiloApp.swift */; };
		30B18BC8CEA8B416F05EFED3 /* TargetBoundaryTests.swift in Sources */ = {isa = PBXBuildFile; fileRef = EE4F88FC7999FD043335C5D3 /* TargetBoundaryTests.swift */; };
		3514AE366141C62B5A29BD78 /* MiloUpdates in Frameworks */ = {isa = PBXBuildFile; productRef = 980E922B34747124E7F5D2B0 /* MiloUpdates */; };
		3601A4E1DF5FBD2AD3E2BE85 /* LicenseSnapshotTests.swift in Sources */ = {isa = PBXBuildFile; fileRef = 2B8FC69F88245B402FFCEE50 /* LicenseSnapshotTests.swift */; };
		3C7FB4C24641BB5232E82572 /* MiloPrivilegedHelper in Embed Dependencies */ = {isa = PBXBuildFile; fileRef = 642C1682AD215D9E875A96F9 /* MiloPrivilegedHelper */; settings = {ATTRIBUTES = (CodeSignOnCopy, RemoveHeadersOnCopy, ); }; };
		3F26FDFD6AFA4FCAE144BEF7 /* PrivacyInfo.xcprivacy in Resources */ = {isa = PBXBuildFile; fileRef = DBD7F9EE8B4FF5AFDABAEE6D /* PrivacyInfo.xcprivacy */; };
		45C9D937A8034774C92E50DC /* AppKit.framework in Frameworks */ = {isa = PBXBuildFile; fileRef = 8A43163CB7BD3FB2D2F0E3DC /* AppKit.framework */; };
		48B3522D1209E1AC392CFF3F /* Exit173RegressionTest.swift in Sources */ = {isa = PBXBuildFile; fileRef = 36E9B3C1CFD0CAAF1A64B1FA /* Exit173RegressionTest.swift */; };
		4A3413D316451560A521B150 /* LegacyDesktopAuthRegressionTests.swift in Sources */ = {isa = PBXBuildFile; fileRef = 610EA18BD33FC14436005470 /* LegacyDesktopAuthRegressionTests.swift */; };
		50596FC747AB1BE82959EB89 /* ProcessManager.swift in Sources */ = {isa = PBXBuildFile; fileRef = 87109E14469C3B6DEB254F2A /* ProcessManager.swift */; };
		516759BA04F01F2B820A7375 /* LicenseManager.swift in Sources */ = {isa = PBXBuildFile; fileRef = E21C651770AC194093A3181E /* LicenseManager.swift */; };
		534395FFDE2BB8AD7631F098 /* CloudSignatureManager.swift in Sources */ = {isa = PBXBuildFile; fileRef = EB76234D338FE431A2576429 /* CloudSignatureManager.swift */; };
		55B4043C67A1E2448A5599FC /* IconManager.swift in Sources */ = {isa = PBXBuildFile; fileRef = 990BDEBBB734F36E772AB8BC /* IconManager.swift */; };
		60E587F42A6243022CBE76B8 /* AppKit.framework in Frameworks */ = {isa = PBXBuildFile; fileRef = 8A43163CB7BD3FB2D2F0E3DC /* AppKit.framework */; };
		6466232190F766F954D4EE10 /* AppState.swift in Sources */ = {isa = PBXBuildFile; fileRef = 2FE820EC792E62DC3AB78557 /* AppState.swift */; };
		660C4E985CEB16EA8821DC41 /* PrivilegeManager.swift in Sources */ = {isa = PBXBuildFile; fileRef = 0F7B9DED93ED882D43993CE6 /* PrivilegeManager.swift */; };
		714E9624EC886EB0172DEC92 /* MiloUpdateManager.swift in Sources */ = {isa = PBXBuildFile; fileRef = AB9FF24FD37D04267E168624 /* MiloUpdateManager.swift */; };
		760FAAC65E26489B2EC1C035 /* ProcessData.swift in Sources */ = {isa = PBXBuildFile; fileRef = 447310230900239EFAB48C54 /* ProcessData.swift */; };
		7B708A5E3E03648ABF19531B /* DebloatCommand.swift in Sources */ = {isa = PBXBuildFile; fileRef = 2A642611C951B0255771A681 /* DebloatCommand.swift */; };
		7E779493C9E7AB1B6389A518 /* SwiftUI.framework in Frameworks */ = {isa = PBXBuildFile; fileRef = 24B36AA49C51B70DCDD4481E /* SwiftUI.framework */; };
		8504F7D339E6640D083DAF6B /* SIPChecker.swift in Sources */ = {isa = PBXBuildFile; fileRef = 2CC92D5F118672152814C87F /* SIPChecker.swift */; };
		8E7ABDEFE4F7375F50198A22 /* DedicatedWindowView.swift in Sources */ = {isa = PBXBuildFile; fileRef = 685DD83F10A4A33B7338F0E6 /* DedicatedWindowView.swift */; };
		90A8A404406C9C03CC4BC48C /* Security.framework in Frameworks */ = {isa = PBXBuildFile; fileRef = 6F2A7D543DA61438138925A8 /* Security.framework */; };
		91B33A2AA44B4F52F10F704F /* PaywallView.swift in Sources */ = {isa = PBXBuildFile; fileRef = 1584D263654FE2C84A1F2251 /* PaywallView.swift */; };
		937A9950089E6E12208D391C /* AuthenticatedUpdateRegressionTests.swift in Sources */ = {isa = PBXBuildFile; fileRef = EFC309890AEE59174B5D1234 /* AuthenticatedUpdateRegressionTests.swift */; };
		95DE5CA4C050D286399E7F25 /* DebloatView.swift in Sources */ = {isa = PBXBuildFile; fileRef = A7DA3D7FB4B8575E047034B1 /* DebloatView.swift */; };
		9AB6559EA8198F8950AF31EA /* CommandRunner.swift in Sources */ = {isa = PBXBuildFile; fileRef = 9E2D2EF0C589BBB5BA0BF625 /* CommandRunner.swift */; };
		9BB7E171E91D417DD4FC09A2 /* MiloLiteUITests.swift in Sources */ = {isa = PBXBuildFile; fileRef = 1461095C6D30FC08F634F479 /* MiloLiteUITests.swift */; };
		A14089EC4BCD6472982DF695 /* MiloLiteContentView.swift in Sources */ = {isa = PBXBuildFile; fileRef = 05E052912DA4D4681FC8FB18 /* MiloLiteContentView.swift */; };
		A32EE597D72EA6344E4B303F /* WhitelistView.swift in Sources */ = {isa = PBXBuildFile; fileRef = 055C9214AA094CE28193B63B /* WhitelistView.swift */; };
		A629914202018CF265B4EF79 /* SettingsManager.swift in Sources */ = {isa = PBXBuildFile; fileRef = 4DA017ACB4B4814FE0CE3F3B /* SettingsManager.swift */; };
		A62B6D8FB57646453D802090 /* WhitelistManager.swift in Sources */ = {isa = PBXBuildFile; fileRef = A8DE6AE29A96B109D4A01BA9 /* WhitelistManager.swift */; };
		A65F504BB9ADC3F4722F46E4 /* MiloLog.swift in Sources */ = {isa = PBXBuildFile; fileRef = 90D33C7B35A68BE887B46C07 /* MiloLog.swift */; };
		ADE8640A6899E483590FCD81 /* MiloLiteApp.swift in Sources */ = {isa = PBXBuildFile; fileRef = AAC6BB69824A8F657BA27776 /* MiloLiteApp.swift */; };
		B1AA94FE9EABE56F1BDF949F /* MiloDomain in Frameworks */ = {isa = PBXBuildFile; productRef = 6BB1EB4839AC61B2A0FC952D /* MiloDomain */; };
		B22585DC1E05132CB47100A1 /* MemoryManager.swift in Sources */ = {isa = PBXBuildFile; fileRef = 731F9AD6F5FF57D42A450F0E /* MemoryManager.swift */; };
		B91B9274807CFA3E0F5B2DFC /* ConcurrencySafetyRegressionTests.swift in Sources */ = {isa = PBXBuildFile; fileRef = C67C9DFA7CDD06636DE4E32A /* ConcurrencySafetyRegressionTests.swift */; };
		BDA1FCC94D0CC3076136F2CD /* MiloDomain in Frameworks */ = {isa = PBXBuildFile; productRef = B0079582738AD6D8E83D6F4C /* MiloDomain */; };
		BE0E3069C96845341A9A4A6B /* SwiftUI.framework in Frameworks */ = {isa = PBXBuildFile; fileRef = 24B36AA49C51B70DCDD4481E /* SwiftUI.framework */; };
		C12F8A91E96D1885BEFC8BE0 /* BuildConfigurationRegressionTests.swift in Sources */ = {isa = PBXBuildFile; fileRef = B78C0BA198C3D430DA0B373E /* BuildConfigurationRegressionTests.swift */; };
		C65B151A1580F8F990675CCF /* main.swift in Sources */ = {isa = PBXBuildFile; fileRef = D609CA1F11AF52D1BD7367A5 /* main.swift */; };
		C72076D31C12BCD6E6B651FD /* DebloatManager.swift in Sources */ = {isa = PBXBuildFile; fileRef = 3A80F4A7B5A94ADAF57DB2F1 /* DebloatManager.swift */; };
		D48B33B4F8DBCED154E772C9 /* MenuBarAppDelegate.swift in Sources */ = {isa = PBXBuildFile; fileRef = 0A07FB9C7D380E9934A7E7D9 /* MenuBarAppDelegate.swift */; };
		D7AB690D3CDF25305EC7DFD1 /* com.monomacaw.milo.helper.plist in CopyFiles */ = {isa = PBXBuildFile; fileRef = F7DB5C51451F853E05CB1F5B /* com.monomacaw.milo.helper.plist */; };
		E2FD74BFE06D6573F84D402C /* MenuBarIcon.png in Resources */ = {isa = PBXBuildFile; fileRef = 23F8C46FDFBB45EC4DEF1E80 /* MenuBarIcon.png */; };
		E76F16913145067348586806 /* milo_white.png in Resources */ = {isa = PBXBuildFile; fileRef = AB3FB3677B226DA246E131EA /* milo_white.png */; };
		EFCD639B4306ABAEB37614CB /* MiloHardening in Frameworks */ = {isa = PBXBuildFile; productRef = 43B4FE58B29C55055BB580BA /* MiloHardening */; };
		F1965F1BB55EAA23CCC751CF /* StatsManager.swift in Sources */ = {isa = PBXBuildFile; fileRef = 3A9583AA21C23DDD18B6D4C8 /* StatsManager.swift */; };
		F2D3775452153E380D80BBD7 /* MiloClientConfiguration.swift in Sources */ = {isa = PBXBuildFile; fileRef = F76DD69DDD9B08A1DA8B275C /* MiloClientConfiguration.swift */; };
		F8F313B7D62BDFD4AC926A9C /* MiloLicense in Frameworks */ = {isa = PBXBuildFile; productRef = E7736458AAB837D2CE7D19C1 /* MiloLicense */; };
/* End PBXBuildFile section */

/* Begin PBXContainerItemProxy section */
		D2263CC0FA75923E7E4E18D1 /* PBXContainerItemProxy */ = {
			isa = PBXContainerItemProxy;
			containerPortal = 3377B5FA48C1E1A8049276DC /* Project object */;
			proxyType = 1;
			remoteGlobalIDString = 471000557CEEDFF92B66F974;
			remoteInfo = MiloLite;
		};
		F168E73622DD716EFEE1EF0D /* PBXContainerItemProxy */ = {
			isa = PBXContainerItemProxy;
			containerPortal = 3377B5FA48C1E1A8049276DC /* Project object */;
			proxyType = 1;
			remoteGlobalIDString = 52CB9E291BD97B2F80358695;
			remoteInfo = MiloPrivilegedHelper;
		};
/* End PBXContainerItemProxy section */

/* Begin PBXCopyFilesBuildPhase section */
		72E29ADC517DF5726885B53A /* Embed Dependencies */ = {
			isa = PBXCopyFilesBuildPhase;
			buildActionMask = 2147483647;
			dstPath = "";
			dstSubfolderSpec = 7;
			files = (
				3C7FB4C24641BB5232E82572 /* MiloPrivilegedHelper in Embed Dependencies */,
			);
			name = "Embed Dependencies";
			runOnlyForDeploymentPostprocessing = 0;
		};
		82DD7C380D49E2E5E9916F38 /* CopyFiles */ = {
			isa = PBXCopyFilesBuildPhase;
			buildActionMask = 2147483647;
			dstPath = Contents/Library/LaunchDaemons;
			dstSubfolderSpec = 1;
			files = (
				D7AB690D3CDF25305EC7DFD1 /* com.monomacaw.milo.helper.plist in CopyFiles */,
			);
			runOnlyForDeploymentPostprocessing = 0;
		};
/* End PBXCopyFilesBuildPhase section */

/* Begin PBXFileReference section */
		055C9214AA094CE28193B63B /* WhitelistView.swift */ = {isa = PBXFileReference; lastKnownFileType = sourcecode.swift; path = WhitelistView.swift; sourceTree = "<group>"; };
		05E052912DA4D4681FC8FB18 /* MiloLiteContentView.swift */ = {isa = PBXFileReference; lastKnownFileType = sourcecode.swift; path = MiloLiteContentView.swift; sourceTree = "<group>"; };
		0A07FB9C7D380E9934A7E7D9 /* MenuBarAppDelegate.swift */ = {isa = PBXFileReference; lastKnownFileType = sourcecode.swift; path = MenuBarAppDelegate.swift; sourceTree = "<group>"; };
		0F7B9DED93ED882D43993CE6 /* PrivilegeManager.swift */ = {isa = PBXFileReference; lastKnownFileType = sourcecode.swift; path = PrivilegeManager.swift; sourceTree = "<group>"; };
		1461095C6D30FC08F634F479 /* MiloLiteUITests.swift */ = {isa = PBXFileReference; lastKnownFileType = sourcecode.swift; path = MiloLiteUITests.swift; sourceTree = "<group>"; };
		1584D263654FE2C84A1F2251 /* PaywallView.swift */ = {isa = PBXFileReference; lastKnownFileType = sourcecode.swift; path = PaywallView.swift; sourceTree = "<group>"; };
		1BD1DC81B2661CBAB57F3E18 /* ContentView.swift */ = {isa = PBXFileReference; lastKnownFileType = sourcecode.swift; path = ContentView.swift; sourceTree = "<group>"; };
		23F8C46FDFBB45EC4DEF1E80 /* MenuBarIcon.png */ = {isa = PBXFileReference; lastKnownFileType = image.png; path = MenuBarIcon.png; sourceTree = "<group>"; };
		24B36AA49C51B70DCDD4481E /* SwiftUI.framework */ = {isa = PBXFileReference; lastKnownFileType = wrapper.framework; name = SwiftUI.framework; path = System/Library/Frameworks/SwiftUI.framework; sourceTree = SDKROOT; };
		2A642611C951B0255771A681 /* DebloatCommand.swift */ = {isa = PBXFileReference; lastKnownFileType = sourcecode.swift; path = DebloatCommand.swift; sourceTree = "<group>"; };
		2B8FC69F88245B402FFCEE50 /* LicenseSnapshotTests.swift */ = {isa = PBXFileReference; lastKnownFileType = sourcecode.swift; path = LicenseSnapshotTests.swift; sourceTree = "<group>"; };
		2CC92D5F118672152814C87F /* SIPChecker.swift */ = {isa = PBXFileReference; lastKnownFileType = sourcecode.swift; path = SIPChecker.swift; sourceTree = "<group>"; };
		2F28A873E08AC2EBFDDD5D16 /* MiloPro.Debug.xcconfig */ = {isa = PBXFileReference; lastKnownFileType = text.xcconfig; path = MiloPro.Debug.xcconfig; sourceTree = "<group>"; };
		2FE820EC792E62DC3AB78557 /* AppState.swift */ = {isa = PBXFileReference; lastKnownFileType = sourcecode.swift; path = AppState.swift; sourceTree = "<group>"; };
		36E9B3C1CFD0CAAF1A64B1FA /* Exit173RegressionTest.swift */ = {isa = PBXFileReference; lastKnownFileType = sourcecode.swift; path = Exit173RegressionTest.swift; sourceTree = "<group>"; };
		3A80F4A7B5A94ADAF57DB2F1 /* DebloatManager.swift */ = {isa = PBXFileReference; lastKnownFileType = sourcecode.swift; path = DebloatManager.swift; sourceTree = "<group>"; };
		3A9583AA21C23DDD18B6D4C8 /* StatsManager.swift */ = {isa = PBXFileReference; lastKnownFileType = sourcecode.swift; path = StatsManager.swift; sourceTree = "<group>"; };
		3C9D7A2F011737C6BBB94A7E /* Milo.app */ = {isa = PBXFileReference; explicitFileType = wrapper.application; includeInIndex = 0; path = Milo.app; sourceTree = BUILT_PRODUCTS_DIR; };
		447310230900239EFAB48C54 /* ProcessData.swift */ = {isa = PBXFileReference; lastKnownFileType = sourcecode.swift; path = ProcessData.swift; sourceTree = "<group>"; };
		45137EDCC84489E603D13994 /* StatsView.swift */ = {isa = PBXFileReference; lastKnownFileType = sourcecode.swift; path = StatsView.swift; sourceTree = "<group>"; };
		4DA017ACB4B4814FE0CE3F3B /* SettingsManager.swift */ = {isa = PBXFileReference; lastKnownFileType = sourcecode.swift; path = SettingsManager.swift; sourceTree = "<group>"; };
		5D89311D4561854013F3946A /* MiloLite.Debug.xcconfig */ = {isa = PBXFileReference; lastKnownFileType = text.xcconfig; path = MiloLite.Debug.xcconfig; sourceTree = "<group>"; };
		5DE23F497A9E88E5901C4ED0 /* MiloRedTeamTests.xctest */ = {isa = PBXFileReference; explicitFileType = wrapper.cfbundle; includeInIndex = 0; path = MiloRedTeamTests.xctest; sourceTree = BUILT_PRODUCTS_DIR; };
		610EA18BD33FC14436005470 /* LegacyDesktopAuthRegressionTests.swift */ = {isa = PBXFileReference; lastKnownFileType = sourcecode.swift; path = LegacyDesktopAuthRegressionTests.swift; sourceTree = "<group>"; };
		62962AEF66F46D15C23617F5 /* MiloUnitTests.xctest */ = {isa = PBXFileReference; explicitFileType = wrapper.cfbundle; includeInIndex = 0; path = MiloUnitTests.xctest; sourceTree = BUILT_PRODUCTS_DIR; };
		642C1682AD215D9E875A96F9 /* MiloPrivilegedHelper */ = {isa = PBXFileReference; includeInIndex = 0; path = MiloPrivilegedHelper; sourceTree = BUILT_PRODUCTS_DIR; };
		685DD83F10A4A33B7338F0E6 /* DedicatedWindowView.swift */ = {isa = PBXFileReference; lastKnownFileType = sourcecode.swift; path = DedicatedWindowView.swift; sourceTree = "<group>"; };
		6F2A7D543DA61438138925A8 /* Security.framework */ = {isa = PBXFileReference; lastKnownFileType = wrapper.framework; name = Security.framework; path = System/Library/Frameworks/Security.framework; sourceTree = SDKROOT; };
		6F2B9108B3A972B833CD9121 /* MiloLite.Release.xcconfig */ = {isa = PBXFileReference; lastKnownFileType = text.xcconfig; path = MiloLite.Release.xcconfig; sourceTree = "<group>"; };
		729534C2216BD7956B8D9E1A /* Milo Lite.app */ = {isa = PBXFileReference; explicitFileType = wrapper.application; includeInIndex = 0; path = "Milo Lite.app"; sourceTree = BUILT_PRODUCTS_DIR; };
		731F9AD6F5FF57D42A450F0E /* MemoryManager.swift */ = {isa = PBXFileReference; lastKnownFileType = sourcecode.swift; path = MemoryManager.swift; sourceTree = "<group>"; };
		87109E14469C3B6DEB254F2A /* ProcessManager.swift */ = {isa = PBXFileReference; lastKnownFileType = sourcecode.swift; path = ProcessManager.swift; sourceTree = "<group>"; };
		88FBA6F19CCF346C5830848A /* milo_color.png */ = {isa = PBXFileReference; lastKnownFileType = image.png; path = milo_color.png; sourceTree = "<group>"; };
		8A43163CB7BD3FB2D2F0E3DC /* AppKit.framework */ = {isa = PBXFileReference; lastKnownFileType = wrapper.framework; name = AppKit.framework; path = System/Library/Frameworks/AppKit.framework; sourceTree = SDKROOT; };
		90D33C7B35A68BE887B46C07 /* MiloLog.swift */ = {isa = PBXFileReference; lastKnownFileType = sourcecode.swift; path = MiloLog.swift; sourceTree = "<group>"; };
		990BDEBBB734F36E772AB8BC /* IconManager.swift */ = {isa = PBXFileReference; lastKnownFileType = sourcecode.swift; path = IconManager.swift; sourceTree = "<group>"; };
		9E2D2EF0C589BBB5BA0BF625 /* CommandRunner.swift */ = {isa = PBXFileReference; lastKnownFileType = sourcecode.swift; path = CommandRunner.swift; sourceTree = "<group>"; };
		A5C41C5C2663DBD52795D97E /* MiloLiteUITests.xctest */ = {isa = PBXFileReference; explicitFileType = wrapper.cfbundle; includeInIndex = 0; path = MiloLiteUITests.xctest; sourceTree = BUILT_PRODUCTS_DIR; };
		A7DA3D7FB4B8575E047034B1 /* DebloatView.swift */ = {isa = PBXFileReference; lastKnownFileType = sourcecode.swift; path = DebloatView.swift; sourceTree = "<group>"; };
		A8DE6AE29A96B109D4A01BA9 /* WhitelistManager.swift */ = {isa = PBXFileReference; lastKnownFileType = sourcecode.swift; path = WhitelistManager.swift; sourceTree = "<group>"; };
		AAC6BB69824A8F657BA27776 /* MiloLiteApp.swift */ = {isa = PBXFileReference; lastKnownFileType = sourcecode.swift; path = MiloLiteApp.swift; sourceTree = "<group>"; };
		AB3FB3677B226DA246E131EA /* milo_white.png */ = {isa = PBXFileReference; lastKnownFileType = image.png; path = milo_white.png; sourceTree = "<group>"; };
		AB694BF69591A47395FA88E1 /* SharedUI.swift */ = {isa = PBXFileReference; lastKnownFileType = sourcecode.swift; path = SharedUI.swift; sourceTree = "<group>"; };
		AB9FF24FD37D04267E168624 /* MiloUpdateManager.swift */ = {isa = PBXFileReference; lastKnownFileType = sourcecode.swift; path = MiloUpdateManager.swift; sourceTree = "<group>"; };
		B78C0BA198C3D430DA0B373E /* BuildConfigurationRegressionTests.swift */ = {isa = PBXFileReference; lastKnownFileType = sourcecode.swift; path = BuildConfigurationRegressionTests.swift; sourceTree = "<group>"; };
		BDF03A696C418F6D71850967 /* SelfTestRunner.swift */ = {isa = PBXFileReference; lastKnownFileType = sourcecode.swift; path = SelfTestRunner.swift; sourceTree = "<group>"; };
		C2DD7CDBAE4633C17C3273A8 /* MiloPrivilegedHelper.Release.xcconfig */ = {isa = PBXFileReference; lastKnownFileType = text.xcconfig; path = MiloPrivilegedHelper.Release.xcconfig; sourceTree = "<group>"; };
		C652DF2F309F4EE2503A4CFC /* SettingsView.swift */ = {isa = PBXFileReference; lastKnownFileType = sourcecode.swift; path = SettingsView.swift; sourceTree = "<group>"; };
		C67C9DFA7CDD06636DE4E32A /* ConcurrencySafetyRegressionTests.swift */ = {isa = PBXFileReference; lastKnownFileType = sourcecode.swift; path = ConcurrencySafetyRegressionTests.swift; sourceTree = "<group>"; };
		CA564785E4966D506C8F91F6 /* milo_black.png */ = {isa = PBXFileReference; lastKnownFileType = image.png; path = milo_black.png; sourceTree = "<group>"; };
		CAB577FD3F7E3C5C9B5749E7 /* MiloPrivilegedHelper.Debug.xcconfig */ = {isa = PBXFileReference; lastKnownFileType = text.xcconfig; path = MiloPrivilegedHelper.Debug.xcconfig; sourceTree = "<group>"; };
		CEB4676F09D3B8D85C7518B2 /* MiloKit */ = {isa = PBXFileReference; lastKnownFileType = folder; name = MiloKit; path = Packages/MiloKit; sourceTree = SOURCE_ROOT; };
		D609CA1F11AF52D1BD7367A5 /* main.swift */ = {isa = PBXFileReference; lastKnownFileType = sourcecode.swift; path = main.swift; sourceTree = "<group>"; };
		DB069A06FE539CBE383C44CE /* BackendConfiguration.swift */ = {isa = PBXFileReference; lastKnownFileType = sourcecode.swift; path = BackendConfiguration.swift; sourceTree = "<group>"; };
		DBD7F9EE8B4FF5AFDABAEE6D /* PrivacyInfo.xcprivacy */ = {isa = PBXFileReference; path = PrivacyInfo.xcprivacy; sourceTree = "<group>"; };
		E21C651770AC194093A3181E /* LicenseManager.swift */ = {isa = PBXFileReference; lastKnownFileType = sourcecode.swift; path = LicenseManager.swift; sourceTree = "<group>"; };
		EB76234D338FE431A2576429 /* CloudSignatureManager.swift */ = {isa = PBXFileReference; lastKnownFileType = sourcecode.swift; path = CloudSignatureManager.swift; sourceTree = "<group>"; };
		EE4F88FC7999FD043335C5D3 /* TargetBoundaryTests.swift */ = {isa = PBXFileReference; lastKnownFileType = sourcecode.swift; path = TargetBoundaryTests.swift; sourceTree = "<group>"; };
		EFC309890AEE59174B5D1234 /* AuthenticatedUpdateRegressionTests.swift */ = {isa = PBXFileReference; lastKnownFileType = sourcecode.swift; path = AuthenticatedUpdateRegressionTests.swift; sourceTree = "<group>"; };
		F07A37CB0632A845240D8030 /* MiloIntegrationTests.xctest */ = {isa = PBXFileReference; explicitFileType = wrapper.cfbundle; includeInIndex = 0; path = MiloIntegrationTests.xctest; sourceTree = BUILT_PRODUCTS_DIR; };
		F49B9CAD0A4076A2CB01B5E1 /* MiloPro.Release.xcconfig */ = {isa = PBXFileReference; lastKnownFileType = text.xcconfig; path = MiloPro.Release.xcconfig; sourceTree = "<group>"; };
		F76DD69DDD9B08A1DA8B275C /* MiloClientConfiguration.swift */ = {isa = PBXFileReference; lastKnownFileType = sourcecode.swift; path = MiloClientConfiguration.swift; sourceTree = "<group>"; };
		F7DB5C51451F853E05CB1F5B /* com.monomacaw.milo.helper.plist */ = {isa = PBXFileReference; lastKnownFileType = text.plist; path = com.monomacaw.milo.helper.plist; sourceTree = "<group>"; };
		FA5A52A5354F42BFA597FB1A /* MiloApp.swift */ = {isa = PBXFileReference; lastKnownFileType = sourcecode.swift; path = MiloApp.swift; sourceTree = "<group>"; };
/* End PBXFileReference section */

/* Begin PBXFrameworksBuildPhase section */
		3E5F10B1FE63811292DBB873 /* Frameworks */ = {
			isa = PBXFrameworksBuildPhase;
			buildActionMask = 2147483647;
			files = (
				45C9D937A8034774C92E50DC /* AppKit.framework in Frameworks */,
				7E779493C9E7AB1B6389A518 /* SwiftUI.framework in Frameworks */,
			);
			runOnlyForDeploymentPostprocessing = 0;
		};
		900082D60F0A13D9B1F11025 /* Frameworks */ = {
			isa = PBXFrameworksBuildPhase;
			buildActionMask = 2147483647;
			files = (
				B1AA94FE9EABE56F1BDF949F /* MiloDomain in Frameworks */,
			);
			runOnlyForDeploymentPostprocessing = 0;
		};
		A4D6BE383B8353032C491D9F /* Frameworks */ = {
			isa = PBXFrameworksBuildPhase;
			buildActionMask = 2147483647;
			files = (
				BDA1FCC94D0CC3076136F2CD /* MiloDomain in Frameworks */,
				EFCD639B4306ABAEB37614CB /* MiloHardening in Frameworks */,
				F8F313B7D62BDFD4AC926A9C /* MiloLicense in Frameworks */,
				21D9F1037FF31EFA54634F8B /* MiloSparkle in Frameworks */,
				3514AE366141C62B5A29BD78 /* MiloUpdates in Frameworks */,
				60E587F42A6243022CBE76B8 /* AppKit.framework in Frameworks */,
				90A8A404406C9C03CC4BC48C /* Security.framework in Frameworks */,
				BE0E3069C96845341A9A4A6B /* SwiftUI.framework in Frameworks */,
			);
			runOnlyForDeploymentPostprocessing = 0;
		};
/* End PBXFrameworksBuildPhase section */

/* Begin PBXGroup section */
		0A7B9317BEF5D6E5392CF349 /* redteam */ = {
			isa = PBXGroup;
			children = (
				EFC309890AEE59174B5D1234 /* AuthenticatedUpdateRegressionTests.swift */,
				B78C0BA198C3D430DA0B373E /* BuildConfigurationRegressionTests.swift */,
				C67C9DFA7CDD06636DE4E32A /* ConcurrencySafetyRegressionTests.swift */,
				36E9B3C1CFD0CAAF1A64B1FA /* Exit173RegressionTest.swift */,
				610EA18BD33FC14436005470 /* LegacyDesktopAuthRegressionTests.swift */,
			);
			path = redteam;
			sourceTree = "<group>";
		};
		0CAE2D152F01E9D25E91D21D /* Tests */ = {
			isa = PBXGroup;
			children = (
				5D4A11BD74BEF4BB90B2FBD1 /* integration */,
				0A7B9317BEF5D6E5392CF349 /* redteam */,
				F5859976C767660A2B6F6B39 /* ui */,
				A91C624B49CF07D9EB1EE742 /* unit */,
			);
			path = Tests;
			sourceTree = "<group>";
		};
		19E0511BB0233E06ECA97ACE /* Runtime */ = {
			isa = PBXGroup;
			children = (
				2FE820EC792E62DC3AB78557 /* AppState.swift */,
				DB069A06FE539CBE383C44CE /* BackendConfiguration.swift */,
				EB76234D338FE431A2576429 /* CloudSignatureManager.swift */,
				9E2D2EF0C589BBB5BA0BF625 /* CommandRunner.swift */,
				1BD1DC81B2661CBAB57F3E18 /* ContentView.swift */,
				2A642611C951B0255771A681 /* DebloatCommand.swift */,
				3A80F4A7B5A94ADAF57DB2F1 /* DebloatManager.swift */,
				A7DA3D7FB4B8575E047034B1 /* DebloatView.swift */,
				685DD83F10A4A33B7338F0E6 /* DedicatedWindowView.swift */,
				990BDEBBB734F36E772AB8BC /* IconManager.swift */,
				E21C651770AC194093A3181E /* LicenseManager.swift */,
				731F9AD6F5FF57D42A450F0E /* MemoryManager.swift */,
				0A07FB9C7D380E9934A7E7D9 /* MenuBarAppDelegate.swift */,
				F76DD69DDD9B08A1DA8B275C /* MiloClientConfiguration.swift */,
				90D33C7B35A68BE887B46C07 /* MiloLog.swift */,
				AB9FF24FD37D04267E168624 /* MiloUpdateManager.swift */,
				1584D263654FE2C84A1F2251 /* PaywallView.swift */,
				0F7B9DED93ED882D43993CE6 /* PrivilegeManager.swift */,
				447310230900239EFAB48C54 /* ProcessData.swift */,
				87109E14469C3B6DEB254F2A /* ProcessManager.swift */,
				BDF03A696C418F6D71850967 /* SelfTestRunner.swift */,
				4DA017ACB4B4814FE0CE3F3B /* SettingsManager.swift */,
				C652DF2F309F4EE2503A4CFC /* SettingsView.swift */,
				AB694BF69591A47395FA88E1 /* SharedUI.swift */,
				2CC92D5F118672152814C87F /* SIPChecker.swift */,
				3A9583AA21C23DDD18B6D4C8 /* StatsManager.swift */,
				45137EDCC84489E603D13994 /* StatsView.swift */,
				A8DE6AE29A96B109D4A01BA9 /* WhitelistManager.swift */,
				055C9214AA094CE28193B63B /* WhitelistView.swift */,
			);
			path = Runtime;
			sourceTree = "<group>";
		};
		1DAAF6ADE66BF6A6E75C1F51 /* Configurations */ = {
			isa = PBXGroup;
			children = (
				5D89311D4561854013F3946A /* MiloLite.Debug.xcconfig */,
				6F2B9108B3A972B833CD9121 /* MiloLite.Release.xcconfig */,
				CAB577FD3F7E3C5C9B5749E7 /* MiloPrivilegedHelper.Debug.xcconfig */,
				C2DD7CDBAE4633C17C3273A8 /* MiloPrivilegedHelper.Release.xcconfig */,
				2F28A873E08AC2EBFDDD5D16 /* MiloPro.Debug.xcconfig */,
				F49B9CAD0A4076A2CB01B5E1 /* MiloPro.Release.xcconfig */,
			);
			path = Configurations;
			sourceTree = "<group>";
		};
		2CC91F41B6EA7432336F5C1F /* Helper */ = {
			isa = PBXGroup;
			children = (
				EFD18530ADB3A2A336C46A8A /* MiloPrivilegedHelper */,
			);
			path = Helper;
			sourceTree = "<group>";
		};
		5D4A11BD74BEF4BB90B2FBD1 /* integration */ = {
			isa = PBXGroup;
			children = (
				EE4F88FC7999FD043335C5D3 /* TargetBoundaryTests.swift */,
			);
			path = integration;
			sourceTree = "<group>";
		};
		6526C7249AAAFEFECBA5A333 /* Products */ = {
			isa = PBXGroup;
			children = (
				729534C2216BD7956B8D9E1A /* Milo Lite.app */,
				3C9D7A2F011737C6BBB94A7E /* Milo.app */,
				F07A37CB0632A845240D8030 /* MiloIntegrationTests.xctest */,
				A5C41C5C2663DBD52795D97E /* MiloLiteUITests.xctest */,
				642C1682AD215D9E875A96F9 /* MiloPrivilegedHelper */,
				5DE23F497A9E88E5901C4ED0 /* MiloRedTeamTests.xctest */,
				62962AEF66F46D15C23617F5 /* MiloUnitTests.xctest */,
			);
			name = Products;
			sourceTree = "<group>";
		};
		6997370FB6298D7A6E8EC3E9 /* Resources */ = {
			isa = PBXGroup;
			children = (
				23F8C46FDFBB45EC4DEF1E80 /* MenuBarIcon.png */,
				CA564785E4966D506C8F91F6 /* milo_black.png */,
				88FBA6F19CCF346C5830848A /* milo_color.png */,
				AB3FB3677B226DA246E131EA /* milo_white.png */,
			);
			path = Resources;
			sourceTree = "<group>";
		};
		7D4EE468306793D5074CC3FD /* Milo */ = {
			isa = PBXGroup;
			children = (
				19E0511BB0233E06ECA97ACE /* Runtime */,
				FA5A52A5354F42BFA597FB1A /* MiloApp.swift */,
			);
			path = Milo;
			sourceTree = "<group>";
		};
		A91C624B49CF07D9EB1EE742 /* unit */ = {
			isa = PBXGroup;
			children = (
				2B8FC69F88245B402FFCEE50 /* LicenseSnapshotTests.swift */,
			);
			path = unit;
			sourceTree = "<group>";
		};
		A9B3521FED6E58D41EAC77AB = {
			isa = PBXGroup;
			children = (
				FBBF50BC6DC362F708A667D9 /* App */,
				1DAAF6ADE66BF6A6E75C1F51 /* Configurations */,
				2CC91F41B6EA7432336F5C1F /* Helper */,
				F4782B5E0D53F324C2B07AF8 /* Milo */,
				F0ECD4098185910FB11C8A44 /* Packages */,
				0CAE2D152F01E9D25E91D21D /* Tests */,
				F6A7FBB34CF05F9160CD0F07 /* Frameworks */,
				6526C7249AAAFEFECBA5A333 /* Products */,
			);
			sourceTree = "<group>";
		};
		ED7FBB09D57E417E3C8D7030 /* MiloLite */ = {
			isa = PBXGroup;
			children = (
				AAC6BB69824A8F657BA27776 /* MiloLiteApp.swift */,
				05E052912DA4D4681FC8FB18 /* MiloLiteContentView.swift */,
				DBD7F9EE8B4FF5AFDABAEE6D /* PrivacyInfo.xcprivacy */,
			);
			path = MiloLite;
			sourceTree = "<group>";
		};
		EFD18530ADB3A2A336C46A8A /* MiloPrivilegedHelper */ = {
			isa = PBXGroup;
			children = (
				F7DB5C51451F853E05CB1F5B /* com.monomacaw.milo.helper.plist */,
				D609CA1F11AF52D1BD7367A5 /* main.swift */,
			);
			path = MiloPrivilegedHelper;
			sourceTree = "<group>";
		};
		F0ECD4098185910FB11C8A44 /* Packages */ = {
			isa = PBXGroup;
			children = (
				CEB4676F09D3B8D85C7518B2 /* MiloKit */,
			);
			path = Packages;
			sourceTree = "<group>";
		};
		F4782B5E0D53F324C2B07AF8 /* Milo */ = {
			isa = PBXGroup;
			children = (
				6997370FB6298D7A6E8EC3E9 /* Resources */,
			);
			path = Milo;
			sourceTree = "<group>";
		};
		F5859976C767660A2B6F6B39 /* ui */ = {
			isa = PBXGroup;
			children = (
				1461095C6D30FC08F634F479 /* MiloLiteUITests.swift */,
			);
			path = ui;
			sourceTree = "<group>";
		};
		F6A7FBB34CF05F9160CD0F07 /* Frameworks */ = {
			isa = PBXGroup;
			children = (
				8A43163CB7BD3FB2D2F0E3DC /* AppKit.framework */,
				6F2A7D543DA61438138925A8 /* Security.framework */,
				24B36AA49C51B70DCDD4481E /* SwiftUI.framework */,
			);
			name = Frameworks;
			sourceTree = "<group>";
		};
		FBBF50BC6DC362F708A667D9 /* App */ = {
			isa = PBXGroup;
			children = (
				7D4EE468306793D5074CC3FD /* Milo */,
				ED7FBB09D57E417E3C8D7030 /* MiloLite */,
			);
			path = App;
			sourceTree = "<group>";
		};
/* End PBXGroup section */

/* Begin PBXNativeTarget section */
		39352BD7B0DEDE94432EF24B /* MiloLiteUITests */ = {
			isa = PBXNativeTarget;
			buildConfigurationList = 5C02A213F2473C95D0940DF9 /* Build configuration list for PBXNativeTarget "MiloLiteUITests" */;
			buildPhases = (
				84BA8E23938AA351B2250F29 /* Sources */,
			);
			buildRules = (
			);
			dependencies = (
				3EB3C62D4597E1C95212D262 /* PBXTargetDependency */,
			);
			name = MiloLiteUITests;
			packageProductDependencies = (
			);
			productName = MiloLiteUITests;
			productReference = A5C41C5C2663DBD52795D97E /* MiloLiteUITests.xctest */;
			productType = "com.apple.product-type.bundle.ui-testing";
		};
		3FFFDD3FDA63FB54CA90031E /* MiloUnitTests */ = {
			isa = PBXNativeTarget;
			buildConfigurationList = 9F76E4C31DD7F766A85CB057 /* Build configuration list for PBXNativeTarget "MiloUnitTests" */;
			buildPhases = (
				93DE08AB76E4F8666C4E991F /* Sources */,
				900082D60F0A13D9B1F11025 /* Frameworks */,
			);
			buildRules = (
			);
			dependencies = (
			);
			name = MiloUnitTests;
			packageProductDependencies = (
				6BB1EB4839AC61B2A0FC952D /* MiloDomain */,
			);
			productName = MiloUnitTests;
			productReference = 62962AEF66F46D15C23617F5 /* MiloUnitTests.xctest */;
			productType = "com.apple.product-type.bundle.unit-test";
		};
		464D8247F71662E1D034E79F /* MiloRedTeamTests */ = {
			isa = PBXNativeTarget;
			buildConfigurationList = A0451BF69806B08C340FB457 /* Build configuration list for PBXNativeTarget "MiloRedTeamTests" */;
			buildPhases = (
				31D127BA1645409C61AC8649 /* Sources */,
			);
			buildRules = (
			);
			dependencies = (
			);
			name = MiloRedTeamTests;
			packageProductDependencies = (
			);
			productName = MiloRedTeamTests;
			productReference = 5DE23F497A9E88E5901C4ED0 /* MiloRedTeamTests.xctest */;
			productType = "com.apple.product-type.bundle.unit-test";
		};
		471000557CEEDFF92B66F974 /* MiloLite */ = {
			isa = PBXNativeTarget;
			buildConfigurationList = 0499DFCFB37503318A1BDE02 /* Build configuration list for PBXNativeTarget "MiloLite" */;
			buildPhases = (
				65BE898595747F7D148605D1 /* Sources */,
				20F87656A5E6E22C3F215B7C /* Resources */,
				3E5F10B1FE63811292DBB873 /* Frameworks */,
			);
			buildRules = (
			);
			dependencies = (
			);
			name = MiloLite;
			packageProductDependencies = (
			);
			productName = MiloLite;
			productReference = 729534C2216BD7956B8D9E1A /* Milo Lite.app */;
			productType = "com.apple.product-type.application";
		};
		52CB9E291BD97B2F80358695 /* MiloPrivilegedHelper */ = {
			isa = PBXNativeTarget;
			buildConfigurationList = 78BC8382D6190818D577E1E0 /* Build configuration list for PBXNativeTarget "MiloPrivilegedHelper" */;
			buildPhases = (
				A25758F78A3A3CC63CDB5FDF /* Sources */,
			);
			buildRules = (
			);
			dependencies = (
			);
			name = MiloPrivilegedHelper;
			packageProductDependencies = (
			);
			productName = MiloPrivilegedHelper;
			productReference = 642C1682AD215D9E875A96F9 /* MiloPrivilegedHelper */;
			productType = "com.apple.product-type.tool";
		};
		77964CAC0122C75E8AE160D3 /* MiloIntegrationTests */ = {
			isa = PBXNativeTarget;
			buildConfigurationList = 91C66E24874677B386C386C9 /* Build configuration list for PBXNativeTarget "MiloIntegrationTests" */;
			buildPhases = (
				9AE47C32AD6BAAB3B63C5EDF /* Sources */,
			);
			buildRules = (
			);
			dependencies = (
			);
			name = MiloIntegrationTests;
			packageProductDependencies = (
			);
			productName = MiloIntegrationTests;
			productReference = F07A37CB0632A845240D8030 /* MiloIntegrationTests.xctest */;
			productType = "com.apple.product-type.bundle.unit-test";
		};
		8D18A037651E4EC350F7B792 /* MiloPro */ = {
			isa = PBXNativeTarget;
			buildConfigurationList = 59BB198045F47976EB7F8345 /* Build configuration list for PBXNativeTarget "MiloPro" */;
			buildPhases = (
				B4C3AFC5BD256978B8ABE95F /* Sources */,
				33F9BA6B4369E86E7163D932 /* Resources */,
				82DD7C380D49E2E5E9916F38 /* CopyFiles */,
				A4D6BE383B8353032C491D9F /* Frameworks */,
				72E29ADC517DF5726885B53A /* Embed Dependencies */,
			);
			buildRules = (
			);
			dependencies = (
				633199527884271EA6D9F225 /* PBXTargetDependency */,
			);
			name = MiloPro;
			packageProductDependencies = (
				B0079582738AD6D8E83D6F4C /* MiloDomain */,
				43B4FE58B29C55055BB580BA /* MiloHardening */,
				E7736458AAB837D2CE7D19C1 /* MiloLicense */,
				1FEF798E35A3098C1AE2E3AC /* MiloSparkle */,
				980E922B34747124E7F5D2B0 /* MiloUpdates */,
			);
			productName = MiloPro;
			productReference = 3C9D7A2F011737C6BBB94A7E /* Milo.app */;
			productType = "com.apple.product-type.application";
		};
/* End PBXNativeTarget section */

/* Begin PBXProject section */
		3377B5FA48C1E1A8049276DC /* Project object */ = {
			isa = PBXProject;
			attributes = {
				BuildIndependentTargetsInParallel = YES;
				LastUpgradeCheck = 2700;
				TargetAttributes = {
					39352BD7B0DEDE94432EF24B = {
						TestTargetID = 471000557CEEDFF92B66F974;
					};
					471000557CEEDFF92B66F974 = {
						DevelopmentTeam = "$(MILO_TEAM_ID)";
						ProvisioningStyle = Automatic;
					};
					52CB9E291BD97B2F80358695 = {
						DevelopmentTeam = "$(MILO_TEAM_ID)";
						ProvisioningStyle = Automatic;
					};
					8D18A037651E4EC350F7B792 = {
						DevelopmentTeam = "$(MILO_TEAM_ID)";
						ProvisioningStyle = Automatic;
					};
				};
			};
			buildConfigurationList = 86AC46D9BED0151821C0F729 /* Build configuration list for PBXProject "Milo" */;
			developmentRegion = en;
			hasScannedForEncodings = 0;
			knownRegions = (
				Base,
				en,
			);
			mainGroup = A9B3521FED6E58D41EAC77AB;
			minimizedProjectReferenceProxies = 1;
			packageReferences = (
				9C8897E9CE6E58C67B198135 /* XCLocalSwiftPackageReference "Packages/MiloKit" */,
			);
			preferredProjectObjectVersion = 77;
			productRefGroup = 6526C7249AAAFEFECBA5A333 /* Products */;
			projectDirPath = "";
			projectRoot = "";
			targets = (
				8D18A037651E4EC350F7B792 /* MiloPro */,
				471000557CEEDFF92B66F974 /* MiloLite */,
				52CB9E291BD97B2F80358695 /* MiloPrivilegedHelper */,
				464D8247F71662E1D034E79F /* MiloRedTeamTests */,
				3FFFDD3FDA63FB54CA90031E /* MiloUnitTests */,
				77964CAC0122C75E8AE160D3 /* MiloIntegrationTests */,
				39352BD7B0DEDE94432EF24B /* MiloLiteUITests */,
			);
		};
/* End PBXProject section */

/* Begin PBXResourcesBuildPhase section */
		20F87656A5E6E22C3F215B7C /* Resources */ = {
			isa = PBXResourcesBuildPhase;
			buildActionMask = 2147483647;
			files = (
				3F26FDFD6AFA4FCAE144BEF7 /* PrivacyInfo.xcprivacy in Resources */,
			);
			runOnlyForDeploymentPostprocessing = 0;
		};
		33F9BA6B4369E86E7163D932 /* Resources */ = {
			isa = PBXResourcesBuildPhase;
			buildActionMask = 2147483647;
			files = (
				E2FD74BFE06D6573F84D402C /* MenuBarIcon.png in Resources */,
				0F71841BAF96C5BE2A8891D4 /* milo_black.png in Resources */,
				161393A8A53235438A19036D /* milo_color.png in Resources */,
				E76F16913145067348586806 /* milo_white.png in Resources */,
			);
			runOnlyForDeploymentPostprocessing = 0;
		};
/* End PBXResourcesBuildPhase section */

/* Begin PBXSourcesBuildPhase section */
		31D127BA1645409C61AC8649 /* Sources */ = {
			isa = PBXSourcesBuildPhase;
			buildActionMask = 2147483647;
			files = (
				937A9950089E6E12208D391C /* AuthenticatedUpdateRegressionTests.swift in Sources */,
				C12F8A91E96D1885BEFC8BE0 /* BuildConfigurationRegressionTests.swift in Sources */,
				B91B9274807CFA3E0F5B2DFC /* ConcurrencySafetyRegressionTests.swift in Sources */,
				48B3522D1209E1AC392CFF3F /* Exit173RegressionTest.swift in Sources */,
				4A3413D316451560A521B150 /* LegacyDesktopAuthRegressionTests.swift in Sources */,
			);
			runOnlyForDeploymentPostprocessing = 0;
		};
		65BE898595747F7D148605D1 /* Sources */ = {
			isa = PBXSourcesBuildPhase;
			buildActionMask = 2147483647;
			files = (
				ADE8640A6899E483590FCD81 /* MiloLiteApp.swift in Sources */,
				A14089EC4BCD6472982DF695 /* MiloLiteContentView.swift in Sources */,
			);
			runOnlyForDeploymentPostprocessing = 0;
		};
		84BA8E23938AA351B2250F29 /* Sources */ = {
			isa = PBXSourcesBuildPhase;
			buildActionMask = 2147483647;
			files = (
				9BB7E171E91D417DD4FC09A2 /* MiloLiteUITests.swift in Sources */,
			);
			runOnlyForDeploymentPostprocessing = 0;
		};
		93DE08AB76E4F8666C4E991F /* Sources */ = {
			isa = PBXSourcesBuildPhase;
			buildActionMask = 2147483647;
			files = (
				3601A4E1DF5FBD2AD3E2BE85 /* LicenseSnapshotTests.swift in Sources */,
			);
			runOnlyForDeploymentPostprocessing = 0;
		};
		9AE47C32AD6BAAB3B63C5EDF /* Sources */ = {
			isa = PBXSourcesBuildPhase;
			buildActionMask = 2147483647;
			files = (
				30B18BC8CEA8B416F05EFED3 /* TargetBoundaryTests.swift in Sources */,
			);
			runOnlyForDeploymentPostprocessing = 0;
		};
		A25758F78A3A3CC63CDB5FDF /* Sources */ = {
			isa = PBXSourcesBuildPhase;
			buildActionMask = 2147483647;
			files = (
				C65B151A1580F8F990675CCF /* main.swift in Sources */,
			);
			runOnlyForDeploymentPostprocessing = 0;
		};
		B4C3AFC5BD256978B8ABE95F /* Sources */ = {
			isa = PBXSourcesBuildPhase;
			buildActionMask = 2147483647;
			files = (
				6466232190F766F954D4EE10 /* AppState.swift in Sources */,
				016887DD9741395B0A4ABCD8 /* BackendConfiguration.swift in Sources */,
				534395FFDE2BB8AD7631F098 /* CloudSignatureManager.swift in Sources */,
				9AB6559EA8198F8950AF31EA /* CommandRunner.swift in Sources */,
				0E6F8904BBEF2CE311F98C63 /* ContentView.swift in Sources */,
				7B708A5E3E03648ABF19531B /* DebloatCommand.swift in Sources */,
				C72076D31C12BCD6E6B651FD /* DebloatManager.swift in Sources */,
				95DE5CA4C050D286399E7F25 /* DebloatView.swift in Sources */,
				8E7ABDEFE4F7375F50198A22 /* DedicatedWindowView.swift in Sources */,
				55B4043C67A1E2448A5599FC /* IconManager.swift in Sources */,
				516759BA04F01F2B820A7375 /* LicenseManager.swift in Sources */,
				B22585DC1E05132CB47100A1 /* MemoryManager.swift in Sources */,
				D48B33B4F8DBCED154E772C9 /* MenuBarAppDelegate.swift in Sources */,
				2689DC92401A8923C046197A /* MiloApp.swift in Sources */,
				F2D3775452153E380D80BBD7 /* MiloClientConfiguration.swift in Sources */,
				A65F504BB9ADC3F4722F46E4 /* MiloLog.swift in Sources */,
				714E9624EC886EB0172DEC92 /* MiloUpdateManager.swift in Sources */,
				91B33A2AA44B4F52F10F704F /* PaywallView.swift in Sources */,
				660C4E985CEB16EA8821DC41 /* PrivilegeManager.swift in Sources */,
				760FAAC65E26489B2EC1C035 /* ProcessData.swift in Sources */,
				50596FC747AB1BE82959EB89 /* ProcessManager.swift in Sources */,
				8504F7D339E6640D083DAF6B /* SIPChecker.swift in Sources */,
				04D5A8012599D1B6B468EBFC /* SelfTestRunner.swift in Sources */,
				A629914202018CF265B4EF79 /* SettingsManager.swift in Sources */,
				1028F7CD1BBF1294EB338B0D /* SettingsView.swift in Sources */,
				241789A73F7F7F44611E8DDA /* SharedUI.swift in Sources */,
				F1965F1BB55EAA23CCC751CF /* StatsManager.swift in Sources */,
				196E4BAA9903EAC045EFBA9A /* StatsView.swift in Sources */,
				A62B6D8FB57646453D802090 /* WhitelistManager.swift in Sources */,
				A32EE597D72EA6344E4B303F /* WhitelistView.swift in Sources */,
			);
			runOnlyForDeploymentPostprocessing = 0;
		};
/* End PBXSourcesBuildPhase section */

/* Begin PBXTargetDependency section */
		3EB3C62D4597E1C95212D262 /* PBXTargetDependency */ = {
			isa = PBXTargetDependency;
			target = 471000557CEEDFF92B66F974 /* MiloLite */;
			targetProxy = D2263CC0FA75923E7E4E18D1 /* PBXContainerItemProxy */;
		};
		633199527884271EA6D9F225 /* PBXTargetDependency */ = {
			isa = PBXTargetDependency;
			target = 52CB9E291BD97B2F80358695 /* MiloPrivilegedHelper */;
			targetProxy = F168E73622DD716EFEE1EF0D /* PBXContainerItemProxy */;
		};
/* End PBXTargetDependency section */

/* Begin XCBuildConfiguration section */
		0319167C4C15E0DED5432177 /* Debug */ = {
			isa = XCBuildConfiguration;
			buildSettings = {
				ALWAYS_SEARCH_USER_PATHS = NO;
				CLANG_ANALYZER_LOCALIZABILITY_NONLOCALIZED = YES;
				CLANG_ANALYZER_NONNULL = YES;
				CLANG_ANALYZER_NUMBER_OBJECT_CONVERSION = YES_AGGRESSIVE;
				CLANG_CXX_LANGUAGE_STANDARD = "gnu++14";
				CLANG_CXX_LIBRARY = "libc++";
				CLANG_ENABLE_MODULES = YES;
				CLANG_ENABLE_OBJC_ARC = YES;
				CLANG_ENABLE_OBJC_WEAK = YES;
				CLANG_WARN_BLOCK_CAPTURE_AUTORELEASING = YES;
				CLANG_WARN_BOOL_CONVERSION = YES;
				CLANG_WARN_COMMA = YES;
				CLANG_WARN_CONSTANT_CONVERSION = YES;
				CLANG_WARN_DEPRECATED_OBJC_IMPLEMENTATIONS = YES;
				CLANG_WARN_DIRECT_OBJC_ISA_USAGE = YES_ERROR;
				CLANG_WARN_DOCUMENTATION_COMMENTS = YES;
				CLANG_WARN_EMPTY_BODY = YES;
				CLANG_WARN_ENUM_CONVERSION = YES;
				CLANG_WARN_INFINITE_RECURSION = YES;
				CLANG_WARN_INT_CONVERSION = YES;
				CLANG_WARN_NON_LITERAL_NULL_CONVERSION = YES;
				CLANG_WARN_OBJC_IMPLICIT_RETAIN_SELF = YES;
				CLANG_WARN_OBJC_LITERAL_CONVERSION = YES;
				CLANG_WARN_OBJC_ROOT_CLASS = YES_ERROR;
				CLANG_WARN_QUOTED_INCLUDE_IN_FRAMEWORK_HEADER = YES;
				CLANG_WARN_RANGE_LOOP_ANALYSIS = YES;
				CLANG_WARN_STRICT_PROTOTYPES = YES;
				CLANG_WARN_SUSPICIOUS_MOVE = YES;
				CLANG_WARN_UNGUARDED_AVAILABILITY = YES_AGGRESSIVE;
				CLANG_WARN_UNREACHABLE_CODE = YES;
				CLANG_WARN__DUPLICATE_METHOD_MATCH = YES;
				COPY_PHASE_STRIP = NO;
				DEAD_CODE_STRIPPING = YES;
				DEBUG_INFORMATION_FORMAT = dwarf;
				ENABLE_STRICT_OBJC_MSGSEND = YES;
				ENABLE_TESTABILITY = YES;
				ENABLE_USER_SCRIPT_SANDBOXING = YES;
				GCC_C_LANGUAGE_STANDARD = gnu17;
				GCC_DYNAMIC_NO_PIC = NO;
				GCC_NO_COMMON_BLOCKS = YES;
				GCC_OPTIMIZATION_LEVEL = 0;
				GCC_PREPROCESSOR_DEFINITIONS = (
					"$(inherited)",
					"DEBUG=1",
				);
				GCC_TREAT_WARNINGS_AS_ERRORS = YES;
				GCC_WARN_64_TO_32_BIT_CONVERSION = YES;
				GCC_WARN_ABOUT_RETURN_TYPE = YES_ERROR;
				GCC_WARN_UNDECLARED_SELECTOR = YES;
				GCC_WARN_UNINITIALIZED_AUTOS = YES_AGGRESSIVE;
				GCC_WARN_UNUSED_FUNCTION = YES;
				GCC_WARN_UNUSED_VARIABLE = YES;
				LM_FORCE_LINK_GENERATION = YES;
				MACOSX_DEPLOYMENT_TARGET = 13.0;
				MTL_ENABLE_DEBUG_INFO = INCLUDE_SOURCE;
				MTL_FAST_MATH = YES;
				ONLY_ACTIVE_ARCH = YES;
				PRODUCT_NAME = "$(TARGET_NAME)";
				SDKROOT = macosx;
				SWIFT_ACTIVE_COMPILATION_CONDITIONS = DEBUG;
				SWIFT_COMPILATION_MODE = wholemodule;
				SWIFT_OPTIMIZATION_LEVEL = "-Onone";
				SWIFT_STRICT_CONCURRENCY = complete;
				SWIFT_TREAT_WARNINGS_AS_ERRORS = YES;
				SWIFT_VERSION = 6.0;
			};
			name = Debug;
		};
		0624A6AF0823CE8FCB8AD166 /* Debug */ = {
			isa = XCBuildConfiguration;
			buildSettings = {
				BUNDLE_LOADER = "$(TEST_HOST)";
				CODE_SIGNING_ALLOWED = NO;
				COMBINE_HIDPI_IMAGES = YES;
				GENERATE_INFOPLIST_FILE = YES;
				LD_RUNPATH_SEARCH_PATHS = (
					"$(inherited)",
					"@executable_path/../Frameworks",
					"@loader_path/../Frameworks",
				);
				MACOSX_DEPLOYMENT_TARGET = 14.0;
				PRODUCT_BUNDLE_IDENTIFIER = "com.monomacaw.milo.unit-tests";
				SDKROOT = macosx;
			};
			name = Debug;
		};
		06B1B69D26BC2CEA685ABF36 /* Debug */ = {
			isa = XCBuildConfiguration;
			baseConfigurationReference = 2F28A873E08AC2EBFDDD5D16 /* MiloPro.Debug.xcconfig */;
			buildSettings = {
				ASSETCATALOG_COMPILER_APPICON_NAME = AppIcon;
				CODE_SIGN_ENTITLEMENTS = App/Milo/Milo.entitlements;
				CODE_SIGN_STYLE = Automatic;
				COMBINE_HIDPI_IMAGES = YES;
				ENABLE_APP_SANDBOX = NO;
				ENABLE_HARDENED_RUNTIME = YES;
				GENERATE_INFOPLIST_FILE = NO;
				INFOPLIST_FILE = App/Milo/Info.plist;
				LD_RUNPATH_SEARCH_PATHS = (
					"$(inherited)",
					"@executable_path/../Frameworks",
				);
				MACOSX_DEPLOYMENT_TARGET = 13.0;
				PRODUCT_BUNDLE_IDENTIFIER = "$(MILO_BUNDLE_ID)";
				PRODUCT_MODULE_NAME = Milo;
				PRODUCT_NAME = Milo;
				SDKROOT = macosx;
				SKIP_INSTALL = NO;
			};
			name = Debug;
		};
		09299C1A25059005D8FFC8D1 /* Debug */ = {
			isa = XCBuildConfiguration;
			baseConfigurationReference = 5D89311D4561854013F3946A /* MiloLite.Debug.xcconfig */;
			buildSettings = {
				ASSETCATALOG_COMPILER_APPICON_NAME = AppIcon;
				CODE_SIGN_ENTITLEMENTS = App/MiloLite/MiloLite.entitlements;
				CODE_SIGN_STYLE = Automatic;
				COMBINE_HIDPI_IMAGES = YES;
				ENABLE_APP_SANDBOX = YES;
				ENABLE_HARDENED_RUNTIME = YES;
				GENERATE_INFOPLIST_FILE = NO;
				INFOPLIST_FILE = App/MiloLite/Info.plist;
				LD_RUNPATH_SEARCH_PATHS = (
					"$(inherited)",
					"@executable_path/../Frameworks",
				);
				MACOSX_DEPLOYMENT_TARGET = 13.0;
				PRODUCT_BUNDLE_IDENTIFIER = "$(MILO_BUNDLE_ID)";
				PRODUCT_MODULE_NAME = MiloLite;
				PRODUCT_NAME = "Milo Lite";
				SDKROOT = macosx;
				SKIP_INSTALL = NO;
			};
			name = Debug;
		};
		17B8F215B3EF8DE7DA11E300 /* Debug */ = {
			isa = XCBuildConfiguration;
			buildSettings = {
				BUNDLE_LOADER = "$(TEST_HOST)";
				CODE_SIGNING_ALLOWED = NO;
				COMBINE_HIDPI_IMAGES = YES;
				GENERATE_INFOPLIST_FILE = YES;
				LD_RUNPATH_SEARCH_PATHS = (
					"$(inherited)",
					"@executable_path/../Frameworks",
					"@loader_path/../Frameworks",
				);
				MACOSX_DEPLOYMENT_TARGET = 14.0;
				PRODUCT_BUNDLE_IDENTIFIER = "com.monomacaw.milo.integration-tests";
				SDKROOT = macosx;
			};
			name = Debug;
		};
		21458BF2C7BECA92A44ACBB1 /* Release */ = {
			isa = XCBuildConfiguration;
			buildSettings = {
				BUNDLE_LOADER = "$(TEST_HOST)";
				COMBINE_HIDPI_IMAGES = YES;
				GENERATE_INFOPLIST_FILE = YES;
				LD_RUNPATH_SEARCH_PATHS = (
					"$(inherited)",
					"@executable_path/Frameworks",
					"@loader_path/Frameworks",
				);
				MACOSX_DEPLOYMENT_TARGET = 14.0;
				PRODUCT_BUNDLE_IDENTIFIER = "com.monomacaw.milo.lite.ui-tests";
				SDKROOT = macosx;
				TEST_TARGET_NAME = MiloLite;
			};
			name = Release;
		};
		305E7D30223042502153E152 /* Release */ = {
			isa = XCBuildConfiguration;
			baseConfigurationReference = C2DD7CDBAE4633C17C3273A8 /* MiloPrivilegedHelper.Release.xcconfig */;
			buildSettings = {
				CODE_SIGN_STYLE = Automatic;
				COMBINE_HIDPI_IMAGES = YES;
				ENABLE_HARDENED_RUNTIME = YES;
				LD_RUNPATH_SEARCH_PATHS = (
					"$(inherited)",
					"@executable_path/../Frameworks",
				);
				MACOSX_DEPLOYMENT_TARGET = 13.0;
				PRODUCT_BUNDLE_IDENTIFIER = "$(MILO_BUNDLE_ID)";
				PRODUCT_NAME = MiloPrivilegedHelper;
				SDKROOT = macosx;
				SKIP_INSTALL = YES;
			};
			name = Release;
		};
		42EA03C08DFBB53176194128 /* Release */ = {
			isa = XCBuildConfiguration;
			buildSettings = {
				ALWAYS_SEARCH_USER_PATHS = NO;
				CLANG_ANALYZER_LOCALIZABILITY_NONLOCALIZED = YES;
				CLANG_ANALYZER_NONNULL = YES;
				CLANG_ANALYZER_NUMBER_OBJECT_CONVERSION = YES_AGGRESSIVE;
				CLANG_CXX_LANGUAGE_STANDARD = "gnu++14";
				CLANG_CXX_LIBRARY = "libc++";
				CLANG_ENABLE_MODULES = YES;
				CLANG_ENABLE_OBJC_ARC = YES;
				CLANG_ENABLE_OBJC_WEAK = YES;
				CLANG_WARN_BLOCK_CAPTURE_AUTORELEASING = YES;
				CLANG_WARN_BOOL_CONVERSION = YES;
				CLANG_WARN_COMMA = YES;
				CLANG_WARN_CONSTANT_CONVERSION = YES;
				CLANG_WARN_DEPRECATED_OBJC_IMPLEMENTATIONS = YES;
				CLANG_WARN_DIRECT_OBJC_ISA_USAGE = YES_ERROR;
				CLANG_WARN_DOCUMENTATION_COMMENTS = YES;
				CLANG_WARN_EMPTY_BODY = YES;
				CLANG_WARN_ENUM_CONVERSION = YES;
				CLANG_WARN_INFINITE_RECURSION = YES;
				CLANG_WARN_INT_CONVERSION = YES;
				CLANG_WARN_NON_LITERAL_NULL_CONVERSION = YES;
				CLANG_WARN_OBJC_IMPLICIT_RETAIN_SELF = YES;
				CLANG_WARN_OBJC_LITERAL_CONVERSION = YES;
				CLANG_WARN_OBJC_ROOT_CLASS = YES_ERROR;
				CLANG_WARN_QUOTED_INCLUDE_IN_FRAMEWORK_HEADER = YES;
				CLANG_WARN_RANGE_LOOP_ANALYSIS = YES;
				CLANG_WARN_STRICT_PROTOTYPES = YES;
				CLANG_WARN_SUSPICIOUS_MOVE = YES;
				CLANG_WARN_UNGUARDED_AVAILABILITY = YES_AGGRESSIVE;
				CLANG_WARN_UNREACHABLE_CODE = YES;
				CLANG_WARN__DUPLICATE_METHOD_MATCH = YES;
				CODE_SIGN_INJECT_BASE_ENTITLEMENTS = NO;
				COPY_PHASE_STRIP = NO;
				DEAD_CODE_STRIPPING = YES;
				DEBUG_INFORMATION_FORMAT = "dwarf-with-dsym";
				ENABLE_NS_ASSERTIONS = NO;
				ENABLE_STRICT_OBJC_MSGSEND = YES;
				ENABLE_USER_SCRIPT_SANDBOXING = YES;
				GCC_C_LANGUAGE_STANDARD = gnu17;
				GCC_NO_COMMON_BLOCKS = YES;
				GCC_TREAT_WARNINGS_AS_ERRORS = YES;
				GCC_WARN_64_TO_32_BIT_CONVERSION = YES;
				GCC_WARN_ABOUT_RETURN_TYPE = YES_ERROR;
				GCC_WARN_UNDECLARED_SELECTOR = YES;
				GCC_WARN_UNINITIALIZED_AUTOS = YES_AGGRESSIVE;
				GCC_WARN_UNUSED_FUNCTION = YES;
				GCC_WARN_UNUSED_VARIABLE = YES;
				LM_FORCE_LINK_GENERATION = YES;
				MACOSX_DEPLOYMENT_TARGET = 13.0;
				MTL_ENABLE_DEBUG_INFO = NO;
				MTL_FAST_MATH = YES;
				ONLY_ACTIVE_ARCH = NO;
				PRODUCT_NAME = "$(TARGET_NAME)";
				SDKROOT = macosx;
				SWIFT_COMPILATION_MODE = wholemodule;
				SWIFT_OPTIMIZATION_LEVEL = "-O";
				SWIFT_STRICT_CONCURRENCY = complete;
				SWIFT_TREAT_WARNINGS_AS_ERRORS = YES;
				SWIFT_VERSION = 6.0;
				VALIDATE_PRODUCT = YES;
			};
			name = Release;
		};
		69FFC4862F4A446BC6B99281 /* Release */ = {
			isa = XCBuildConfiguration;
			baseConfigurationReference = 6F2B9108B3A972B833CD9121 /* MiloLite.Release.xcconfig */;
			buildSettings = {
				ASSETCATALOG_COMPILER_APPICON_NAME = AppIcon;
				CODE_SIGN_ENTITLEMENTS = App/MiloLite/MiloLite.entitlements;
				CODE_SIGN_STYLE = Automatic;
				COMBINE_HIDPI_IMAGES = YES;
				ENABLE_APP_SANDBOX = YES;
				ENABLE_HARDENED_RUNTIME = YES;
				GENERATE_INFOPLIST_FILE = NO;
				INFOPLIST_FILE = App/MiloLite/Info.plist;
				LD_RUNPATH_SEARCH_PATHS = (
					"$(inherited)",
					"@executable_path/../Frameworks",
				);
				MACOSX_DEPLOYMENT_TARGET = 13.0;
				PRODUCT_BUNDLE_IDENTIFIER = "$(MILO_BUNDLE_ID)";
				PRODUCT_MODULE_NAME = MiloLite;
				PRODUCT_NAME = "Milo Lite";
				SDKROOT = macosx;
				SKIP_INSTALL = NO;
			};
			name = Release;
		};
		8D61B2A57617F552747A7E34 /* Debug */ = {
			isa = XCBuildConfiguration;
			buildSettings = {
				BUNDLE_LOADER = "$(TEST_HOST)";
				COMBINE_HIDPI_IMAGES = YES;
				GENERATE_INFOPLIST_FILE = YES;
				LD_RUNPATH_SEARCH_PATHS = (
					"$(inherited)",
					"@executable_path/Frameworks",
					"@loader_path/Frameworks",
				);
				MACOSX_DEPLOYMENT_TARGET = 14.0;
				PRODUCT_BUNDLE_IDENTIFIER = "com.monomacaw.milo.lite.ui-tests";
				SDKROOT = macosx;
				TEST_TARGET_NAME = MiloLite;
			};
			name = Debug;
		};
		962961FDAA6E16147E04677E /* Release */ = {
			isa = XCBuildConfiguration;
			baseConfigurationReference = F49B9CAD0A4076A2CB01B5E1 /* MiloPro.Release.xcconfig */;
			buildSettings = {
				ASSETCATALOG_COMPILER_APPICON_NAME = AppIcon;
				CODE_SIGN_ENTITLEMENTS = App/Milo/Milo.entitlements;
				CODE_SIGN_STYLE = Automatic;
				COMBINE_HIDPI_IMAGES = YES;
				ENABLE_APP_SANDBOX = NO;
				ENABLE_HARDENED_RUNTIME = YES;
				GENERATE_INFOPLIST_FILE = NO;
				INFOPLIST_FILE = App/Milo/Info.plist;
				LD_RUNPATH_SEARCH_PATHS = (
					"$(inherited)",
					"@executable_path/../Frameworks",
				);
				MACOSX_DEPLOYMENT_TARGET = 13.0;
				PRODUCT_BUNDLE_IDENTIFIER = "$(MILO_BUNDLE_ID)";
				PRODUCT_MODULE_NAME = Milo;
				PRODUCT_NAME = Milo;
				SDKROOT = macosx;
				SKIP_INSTALL = NO;
			};
			name = Release;
		};
		A2E723BB0D3D8F63874DE242 /* Release */ = {
			isa = XCBuildConfiguration;
			buildSettings = {
				BUNDLE_LOADER = "$(TEST_HOST)";
				CODE_SIGNING_ALLOWED = NO;
				COMBINE_HIDPI_IMAGES = YES;
				GENERATE_INFOPLIST_FILE = YES;
				LD_RUNPATH_SEARCH_PATHS = (
					"$(inherited)",
					"@executable_path/../Frameworks",
					"@loader_path/../Frameworks",
				);
				MACOSX_DEPLOYMENT_TARGET = 14.0;
				PRODUCT_BUNDLE_IDENTIFIER = "com.monomacaw.milo.integration-tests";
				SDKROOT = macosx;
			};
			name = Release;
		};
		B5EB50EF34EE5F48BF23922C /* Release */ = {
			isa = XCBuildConfiguration;
			buildSettings = {
				BUNDLE_LOADER = "$(TEST_HOST)";
				CODE_SIGNING_ALLOWED = NO;
				COMBINE_HIDPI_IMAGES = YES;
				GENERATE_INFOPLIST_FILE = YES;
				LD_RUNPATH_SEARCH_PATHS = (
					"$(inherited)",
					"@executable_path/../Frameworks",
					"@loader_path/../Frameworks",
				);
				MACOSX_DEPLOYMENT_TARGET = 14.0;
				PRODUCT_BUNDLE_IDENTIFIER = "com.monomacaw.milo.redteam-tests";
				SDKROOT = macosx;
			};
			name = Release;
		};
		DC3750F6C6F76A0F751A1BBA /* Debug */ = {
			isa = XCBuildConfiguration;
			baseConfigurationReference = CAB577FD3F7E3C5C9B5749E7 /* MiloPrivilegedHelper.Debug.xcconfig */;
			buildSettings = {
				CODE_SIGN_STYLE = Automatic;
				COMBINE_HIDPI_IMAGES = YES;
				ENABLE_HARDENED_RUNTIME = YES;
				LD_RUNPATH_SEARCH_PATHS = (
					"$(inherited)",
					"@executable_path/../Frameworks",
				);
				MACOSX_DEPLOYMENT_TARGET = 13.0;
				PRODUCT_BUNDLE_IDENTIFIER = "$(MILO_BUNDLE_ID)";
				PRODUCT_NAME = MiloPrivilegedHelper;
				SDKROOT = macosx;
				SKIP_INSTALL = YES;
			};
			name = Debug;
		};
		E484185F4AA12E821D2B2AF0 /* Debug */ = {
			isa = XCBuildConfiguration;
			buildSettings = {
				BUNDLE_LOADER = "$(TEST_HOST)";
				CODE_SIGNING_ALLOWED = NO;
				COMBINE_HIDPI_IMAGES = YES;
				GENERATE_INFOPLIST_FILE = YES;
				LD_RUNPATH_SEARCH_PATHS = (
					"$(inherited)",
					"@executable_path/../Frameworks",
					"@loader_path/../Frameworks",
				);
				MACOSX_DEPLOYMENT_TARGET = 14.0;
				PRODUCT_BUNDLE_IDENTIFIER = "com.monomacaw.milo.redteam-tests";
				SDKROOT = macosx;
			};
			name = Debug;
		};
		FCC44DCB040AC33F8511F9CD /* Release */ = {
			isa = XCBuildConfiguration;
			buildSettings = {
				BUNDLE_LOADER = "$(TEST_HOST)";
				CODE_SIGNING_ALLOWED = NO;
				COMBINE_HIDPI_IMAGES = YES;
				GENERATE_INFOPLIST_FILE = YES;
				LD_RUNPATH_SEARCH_PATHS = (
					"$(inherited)",
					"@executable_path/../Frameworks",
					"@loader_path/../Frameworks",
				);
				MACOSX_DEPLOYMENT_TARGET = 14.0;
				PRODUCT_BUNDLE_IDENTIFIER = "com.monomacaw.milo.unit-tests";
				SDKROOT = macosx;
			};
			name = Release;
		};
/* End XCBuildConfiguration section */

/* Begin XCConfigurationList section */
		0499DFCFB37503318A1BDE02 /* Build configuration list for PBXNativeTarget "MiloLite" */ = {
			isa = XCConfigurationList;
			buildConfigurations = (
				09299C1A25059005D8FFC8D1 /* Debug */,
				69FFC4862F4A446BC6B99281 /* Release */,
			);
			defaultConfigurationIsVisible = 0;
			defaultConfigurationName = Debug;
		};
		59BB198045F47976EB7F8345 /* Build configuration list for PBXNativeTarget "MiloPro" */ = {
			isa = XCConfigurationList;
			buildConfigurations = (
				06B1B69D26BC2CEA685ABF36 /* Debug */,
				962961FDAA6E16147E04677E /* Release */,
			);
			defaultConfigurationIsVisible = 0;
			defaultConfigurationName = Debug;
		};
		5C02A213F2473C95D0940DF9 /* Build configuration list for PBXNativeTarget "MiloLiteUITests" */ = {
			isa = XCConfigurationList;
			buildConfigurations = (
				8D61B2A57617F552747A7E34 /* Debug */,
				21458BF2C7BECA92A44ACBB1 /* Release */,
			);
			defaultConfigurationIsVisible = 0;
			defaultConfigurationName = Debug;
		};
		78BC8382D6190818D577E1E0 /* Build configuration list for PBXNativeTarget "MiloPrivilegedHelper" */ = {
			isa = XCConfigurationList;
			buildConfigurations = (
				DC3750F6C6F76A0F751A1BBA /* Debug */,
				305E7D30223042502153E152 /* Release */,
			);
			defaultConfigurationIsVisible = 0;
			defaultConfigurationName = Debug;
		};
		86AC46D9BED0151821C0F729 /* Build configuration list for PBXProject "Milo" */ = {
			isa = XCConfigurationList;
			buildConfigurations = (
				0319167C4C15E0DED5432177 /* Debug */,
				42EA03C08DFBB53176194128 /* Release */,
			);
			defaultConfigurationIsVisible = 0;
			defaultConfigurationName = Debug;
		};
		91C66E24874677B386C386C9 /* Build configuration list for PBXNativeTarget "MiloIntegrationTests" */ = {
			isa = XCConfigurationList;
			buildConfigurations = (
				17B8F215B3EF8DE7DA11E300 /* Debug */,
				A2E723BB0D3D8F63874DE242 /* Release */,
			);
			defaultConfigurationIsVisible = 0;
			defaultConfigurationName = Debug;
		};
		9F76E4C31DD7F766A85CB057 /* Build configuration list for PBXNativeTarget "MiloUnitTests" */ = {
			isa = XCConfigurationList;
			buildConfigurations = (
				0624A6AF0823CE8FCB8AD166 /* Debug */,
				FCC44DCB040AC33F8511F9CD /* Release */,
			);
			defaultConfigurationIsVisible = 0;
			defaultConfigurationName = Debug;
		};
		A0451BF69806B08C340FB457 /* Build configuration list for PBXNativeTarget "MiloRedTeamTests" */ = {
			isa = XCConfigurationList;
			buildConfigurations = (
				E484185F4AA12E821D2B2AF0 /* Debug */,
				B5EB50EF34EE5F48BF23922C /* Release */,
			);
			defaultConfigurationIsVisible = 0;
			defaultConfigurationName = Debug;
		};
/* End XCConfigurationList section */

/* Begin XCLocalSwiftPackageReference section */
		9C8897E9CE6E58C67B198135 /* XCLocalSwiftPackageReference "Packages/MiloKit" */ = {
			isa = XCLocalSwiftPackageReference;
			relativePath = Packages/MiloKit;
		};
/* End XCLocalSwiftPackageReference section */

/* Begin XCSwiftPackageProductDependency section */
		1FEF798E35A3098C1AE2E3AC /* MiloSparkle */ = {
			isa = XCSwiftPackageProductDependency;
			productName = MiloSparkle;
		};
		43B4FE58B29C55055BB580BA /* MiloHardening */ = {
			isa = XCSwiftPackageProductDependency;
			productName = MiloHardening;
		};
		6BB1EB4839AC61B2A0FC952D /* MiloDomain */ = {
			isa = XCSwiftPackageProductDependency;
			productName = MiloDomain;
		};
		980E922B34747124E7F5D2B0 /* MiloUpdates */ = {
			isa = XCSwiftPackageProductDependency;
			productName = MiloUpdates;
		};
		B0079582738AD6D8E83D6F4C /* MiloDomain */ = {
			isa = XCSwiftPackageProductDependency;
			productName = MiloDomain;
		};
		E7736458AAB837D2CE7D19C1 /* MiloLicense */ = {
			isa = XCSwiftPackageProductDependency;
			productName = MiloLicense;
		};
/* End XCSwiftPackageProductDependency section */
	};
	rootObject = 3377B5FA48C1E1A8049276DC /* Project object */;
}
